
Microsoft Visual Studio Solution File, Format Version 12.00
# Visual Studio Version 17
VisualStudioVersion = 17.2.32210.308
MinimumVisualStudioVersion = 10.0.40219.1
Project("{9A19103F-16F7-4668-BE54-9A1E7A4F7556}") = "EnumDesc", "EnumDesc\EnumDesc.csproj", "{AA32E319-2EC3-44B0-9193-26C1AA96F258}"
EndProject
Project("{9A19103F-16F7-4668-BE54-9A1E7A4F7556}") = "EnumDesc.Tests", "..\tests\EnumDesc.Tests\EnumDesc.Tests.csproj", "{5C0EF0B7-12CC-4353-A019-D5E646069829}"
EndProject
Global
	GlobalSection(SolutionConfigurationPlatforms) = preSolution
		Debug|Any CPU = Debug|Any CPU
		Release|Any CPU = Release|Any CPU
	EndGlobalSection
	GlobalSection(ProjectConfigurationPlatforms) = postSolution
		{AA32E319-2EC3-44B0-9193-26C1AA96F258}.Debug|Any CPU.ActiveCfg = Debug|Any CPU
		{AA32E319-2EC3-44B0-9193-26C1AA96F258}.Debug|Any CPU.Build.0 = Debug|Any CPU
		{AA32E319-2EC3-44B0-9193-26C1AA96F258}.Release|Any CPU.ActiveCfg = Release|Any CPU
		{AA32E319-2EC3-44B0-9193-26C1AA96F258}.Release|Any CPU.Build.0 = Release|Any CPU
		{5C0EF0B7-12CC-4353-A019-D5E646069829}.Debug|Any CPU.ActiveCfg = Debug|Any CPU
		{5C0EF0B7-12CC-4353-A019-D5E646069829}.Debug|Any CPU.Build.0 = Debug|Any CPU
		{5C0EF0B7-12CC-4353-A019-D5E646069829}.Release|Any CPU.ActiveCfg = Release|Any CPU
		{5C0EF0B7-12CC-4353-A019-D5E646069829}.Release|Any CPU.Build.0 = Release|Any CPU
	EndGlobalSection
	GlobalSection(SolutionProperties) = preSolution
		HideSolutionNode = FALSE
	EndGlobalSection
	GlobalSection(ExtensibilityGlobals) = postSolution
		SolutionGuid = {FF3165E8-89BA-4993-84DA-10AB9CD08875}
	EndGlobalSection
EndGlobal
